
Microsoft Visual Studio Solution File, Format Version 12.00
# Visual Studio Version 16
VisualStudioVersion = 16.0.31105.61
MinimumVisualStudioVersion = 10.0.40219.1
Project("{9A19103F-16F7-4668-BE54-9A1E7A4F7556}") = "Investx.API", "Investx.API\Investx.API.csproj", "{5A254B8B-E258-41FE-B015-E65B01A4ADC0}"
EndProject
Project("{9A19103F-16F7-4668-BE54-9A1E7A4F7556}") = "Investx.Infra", "Investx.Infra\Investx.Infra.csproj", "{506CEC50-4181-434F-A136-CB8E47ADA187}"
EndProject
Project("{FAE04EC0-301F-11D3-BF4B-00C04F79EFBC}") = "Investx.Domain", "Investx.Domain\Investx.Domain.csproj", "{7DF451ED-A4A2-45AB-9C95-3E8C18799833}"
EndProject
Global
	GlobalSection(SolutionConfigurationPlatforms) = preSolution
		Debug|Any CPU = Debug|Any CPU
		Release|Any CPU = Release|Any CPU
	EndGlobalSection
	GlobalSection(ProjectConfigurationPlatforms) = postSolution
		{5A254B8B-E258-41FE-B015-E65B01A4ADC0}.Debug|Any CPU.ActiveCfg = Debug|Any CPU
		{5A254B8B-E258-41FE-B015-E65B01A4ADC0}.Debug|Any CPU.Build.0 = Debug|Any CPU
		{5A254B8B-E258-41FE-B015-E65B01A4ADC0}.Release|Any CPU.ActiveCfg = Release|Any CPU
		{5A254B8B-E258-41FE-B015-E65B01A4ADC0}.Release|Any CPU.Build.0 = Release|Any CPU
		{506CEC50-4181-434F-A136-CB8E47ADA187}.Debug|Any CPU.ActiveCfg = Debug|Any CPU
		{506CEC50-4181-434F-A136-CB8E47ADA187}.Debug|Any CPU.Build.0 = Debug|Any CPU
		{506CEC50-4181-434F-A136-CB8E47ADA187}.Release|Any CPU.ActiveCfg = Release|Any CPU
		{506CEC50-4181-434F-A136-CB8E47ADA187}.Release|Any CPU.Build.0 = Release|Any CPU
		{7DF451ED-A4A2-45AB-9C95-3E8C18799833}.Debug|Any CPU.ActiveCfg = Debug|Any CPU
		{7DF451ED-A4A2-45AB-9C95-3E8C18799833}.Debug|Any CPU.Build.0 = Debug|Any CPU
		{7DF451ED-A4A2-45AB-9C95-3E8C18799833}.Release|Any CPU.ActiveCfg = Release|Any CPU
		{7DF451ED-A4A2-45AB-9C95-3E8C18799833}.Release|Any CPU.Build.0 = Release|Any CPU
	EndGlobalSection
	GlobalSection(SolutionProperties) = preSolution
		HideSolutionNode = FALSE
	EndGlobalSection
	GlobalSection(ExtensibilityGlobals) = postSolution
		SolutionGuid = {F5F42AFA-8B87-4211-A1CA-789F68397C15}
	EndGlobalSection
EndGlobal
